
Microsoft Visual Studio Solution File, Format Version 12.00
# Visual Studio 14
VisualStudioVersion = 14.0.25420.1
MinimumVisualStudioVersion = 10.0.40219.1
Project("{8BC9CEB8-8B4A-11D0-8D11-00A0C91BC942}") = "uuid4gen", "uuid4gen.vcxproj", "{4F614870-9A09-4661-9963-7DF73803240B}"
EndProject
Project("{8BC9CEB8-8B4A-11D0-8D11-00A0C91BC942}") = "uuid4gen++", "uuid4gen++.vcxproj", "{D53572AD-B43A-4507-9BB2-F330F942912B}"
EndProject
Project("{8BC9CEB8-8B4A-11D0-8D11-00A0C91BC942}") = "uuid4_practrand_test", "uuid4_practrand_test.vcxproj", "{0220AF0F-08ED-4B4D-A9D1-BAE21E627287}"
EndProject
Global
	GlobalSection(SolutionConfigurationPlatforms) = preSolution
		Debug|Win32 = Debug|Win32
		Debug|x64 = Debug|x64
		Release|Win32 = Release|Win32
		Release|x64 = Release|x64
	EndGlobalSection
	GlobalSection(ProjectConfigurationPlatforms) = postSolution
		{4F614870-9A09-4661-9963-7DF73803240B}.Debug|Win32.ActiveCfg = Debug|Win32
		{4F614870-9A09-4661-9963-7DF73803240B}.Debug|Win32.Build.0 = Debug|Win32
		{4F614870-9A09-4661-9963-7DF73803240B}.Debug|x64.ActiveCfg = Debug|x64
		{4F614870-9A09-4661-9963-7DF73803240B}.Debug|x64.Build.0 = Debug|x64
		{4F614870-9A09-4661-9963-7DF73803240B}.Release|Win32.ActiveCfg = Release|Win32
		{4F614870-9A09-4661-9963-7DF73803240B}.Release|Win32.Build.0 = Release|Win32
		{4F614870-9A09-4661-9963-7DF73803240B}.Release|x64.ActiveCfg = Release|x64
		{4F614870-9A09-4661-9963-7DF73803240B}.Release|x64.Build.0 = Release|x64
		{D53572AD-B43A-4507-9BB2-F330F942912B}.Debug|Win32.ActiveCfg = Debug|Win32
		{D53572AD-B43A-4507-9BB2-F330F942912B}.Debug|Win32.Build.0 = Debug|Win32
		{D53572AD-B43A-4507-9BB2-F330F942912B}.Debug|x64.ActiveCfg = Debug|x64
		{D53572AD-B43A-4507-9BB2-F330F942912B}.Debug|x64.Build.0 = Debug|x64
		{D53572AD-B43A-4507-9BB2-F330F942912B}.Release|Win32.ActiveCfg = Release|Win32
		{D53572AD-B43A-4507-9BB2-F330F942912B}.Release|Win32.Build.0 = Release|Win32
		{D53572AD-B43A-4507-9BB2-F330F942912B}.Release|x64.ActiveCfg = Release|x64
		{D53572AD-B43A-4507-9BB2-F330F942912B}.Release|x64.Build.0 = Release|x64
		{0220AF0F-08ED-4B4D-A9D1-BAE21E627287}.Debug|Win32.ActiveCfg = Debug|Win32
		{0220AF0F-08ED-4B4D-A9D1-BAE21E627287}.Debug|Win32.Build.0 = Debug|Win32
		{0220AF0F-08ED-4B4D-A9D1-BAE21E627287}.Debug|x64.ActiveCfg = Debug|x64
		{0220AF0F-08ED-4B4D-A9D1-BAE21E627287}.Debug|x64.Build.0 = Debug|x64
		{0220AF0F-08ED-4B4D-A9D1-BAE21E627287}.Release|Win32.ActiveCfg = Release|Win32
		{0220AF0F-08ED-4B4D-A9D1-BAE21E627287}.Release|Win32.Build.0 = Release|Win32
		{0220AF0F-08ED-4B4D-A9D1-BAE21E627287}.Release|x64.ActiveCfg = Release|x64
		{0220AF0F-08ED-4B4D-A9D1-BAE21E627287}.Release|x64.Build.0 = Release|x64
	EndGlobalSection
	GlobalSection(SolutionProperties) = preSolution
		HideSolutionNode = FALSE
	EndGlobalSection
EndGlobal
